
Microsoft Visual Studio Solution File, Format Version 12.00
# Visual Studio Version 17
VisualStudioVersion = 17.4.33122.133
MinimumVisualStudioVersion = 10.0.40219.1
Project("{FAE04EC0-301F-11D3-BF4B-00C04F79EFBC}") = "BulkyBookWeb", "BulkyBookWeb\BulkyBookWeb.csproj", "{456EF2DF-01F3-472C-A37E-0454862E1380}"
EndProject
Global
	GlobalSection(SolutionConfigurationPlatforms) = preSolution
		Debug|Any CPU = Debug|Any CPU
		Release|Any CPU = Release|Any CPU
	EndGlobalSection
	GlobalSection(ProjectConfigurationPlatforms) = postSolution
		{456EF2DF-01F3-472C-A37E-0454862E1380}.Debug|Any CPU.ActiveCfg = Debug|Any CPU
		{456EF2DF-01F3-472C-A37E-0454862E1380}.Debug|Any CPU.Build.0 = Debug|Any CPU
		{456EF2DF-01F3-472C-A37E-0454862E1380}.Release|Any CPU.ActiveCfg = Release|Any CPU
		{456EF2DF-01F3-472C-A37E-0454862E1380}.Release|Any CPU.Build.0 = Release|Any CPU
	EndGlobalSection
	GlobalSection(SolutionProperties) = preSolution
		HideSolutionNode = FALSE
	EndGlobalSection
	GlobalSection(ExtensibilityGlobals) = postSolution
		SolutionGuid = {2FA7A575-D510-40D2-B1F3-9D5125BD6BFF}
	EndGlobalSection
EndGlobal
